
Microsoft Visual Studio Solution File, Format Version 12.00
# Visual Studio Version 17
VisualStudioVersion = 17.3.32811.315
MinimumVisualStudioVersion = 10.0.40219.1
Project("{FAE04EC0-301F-11D3-BF4B-00C04F79EFBC}") = "ClassWork_16.05.2023", "ClassWork_16.05.2023\ClassWork_16.05.2023.csproj", "{848BCE36-EFBD-47AF-A023-5B39C95A2DA3}"
EndProject
Global
	GlobalSection(SolutionConfigurationPlatforms) = preSolution
		Debug|Any CPU = Debug|Any CPU
		Release|Any CPU = Release|Any CPU
	EndGlobalSection
	GlobalSection(ProjectConfigurationPlatforms) = postSolution
		{848BCE36-EFBD-47AF-A023-5B39C95A2DA3}.Debug|Any CPU.ActiveCfg = Debug|Any CPU
		{848BCE36-EFBD-47AF-A023-5B39C95A2DA3}.Debug|Any CPU.Build.0 = Debug|Any CPU
		{848BCE36-EFBD-47AF-A023-5B39C95A2DA3}.Release|Any CPU.ActiveCfg = Release|Any CPU
		{848BCE36-EFBD-47AF-A023-5B39C95A2DA3}.Release|Any CPU.Build.0 = Release|Any CPU
	EndGlobalSection
	GlobalSection(SolutionProperties) = preSolution
		HideSolutionNode = FALSE
	EndGlobalSection
	GlobalSection(ExtensibilityGlobals) = postSolution
		SolutionGuid = {C9454D85-B37B-4B36-A573-FA8F1D616953}
	EndGlobalSection
EndGlobal
